Microsoft Visual Studio Solution File, Format Version 11.00
# Visual Studio 2008

Project("{36E73DD2-4014-2CF6-88F5-DBEE0F4B4846}") = "TestProj1", "Assembly-CSharp-firstpass.csproj", "{0922383F-A61C-00B9-A73A-1C29F21C3B26}"
EndProject
Project("{36E73DD2-4014-2CF6-88F5-DBEE0F4B4846}") = "TestProj1", "Assembly-CSharp.csproj", "{FF516A71-6ED8-C7B9-8A49-5D9994A722EA}"
EndProject
Project("{36E73DD2-4014-2CF6-88F5-DBEE0F4B4846}") = "TestProj1", "Assembly-UnityScript-firstpass.unityproj", "{3E2B33A2-4FA4-771A-CB5C-0FF0519964C2}"
EndProject
Project("{36E73DD2-4014-2CF6-88F5-DBEE0F4B4846}") = "TestProj1", "Assembly-UnityScript.unityproj", "{01E5E4AB-20E4-C44A-9200-D991447B7173}"
EndProject
Global
	GlobalSection(SolutionConfigurationPlatforms) = preSolution
		Debug|Any CPU = Debug|Any CPU
		Release|Any CPU = Release|Any CPU
	EndGlobalSection
	GlobalSection(ProjectConfigurationPlatforms) = postSolution
		{0922383F-A61C-00B9-A73A-1C29F21C3B26}.Debug|Any CPU.ActiveCfg = Debug|Any CPU
		{0922383F-A61C-00B9-A73A-1C29F21C3B26}.Debug|Any CPU.Build.0 = Debug|Any CPU
		{0922383F-A61C-00B9-A73A-1C29F21C3B26}.Release|Any CPU.ActiveCfg = Release|Any CPU
		{0922383F-A61C-00B9-A73A-1C29F21C3B26}.Release|Any CPU.Build.0 = Release|Any CPU
		{FF516A71-6ED8-C7B9-8A49-5D9994A722EA}.Debug|Any CPU.ActiveCfg = Debug|Any CPU
		{FF516A71-6ED8-C7B9-8A49-5D9994A722EA}.Debug|Any CPU.Build.0 = Debug|Any CPU
		{FF516A71-6ED8-C7B9-8A49-5D9994A722EA}.Release|Any CPU.ActiveCfg = Release|Any CPU
		{FF516A71-6ED8-C7B9-8A49-5D9994A722EA}.Release|Any CPU.Build.0 = Release|Any CPU
		{3E2B33A2-4FA4-771A-CB5C-0FF0519964C2}.Debug|Any CPU.ActiveCfg = Debug|Any CPU
		{3E2B33A2-4FA4-771A-CB5C-0FF0519964C2}.Debug|Any CPU.Build.0 = Debug|Any CPU
		{3E2B33A2-4FA4-771A-CB5C-0FF0519964C2}.Release|Any CPU.ActiveCfg = Release|Any CPU
		{3E2B33A2-4FA4-771A-CB5C-0FF0519964C2}.Release|Any CPU.Build.0 = Release|Any CPU
		{01E5E4AB-20E4-C44A-9200-D991447B7173}.Debug|Any CPU.ActiveCfg = Debug|Any CPU
		{01E5E4AB-20E4-C44A-9200-D991447B7173}.Debug|Any CPU.Build.0 = Debug|Any CPU
		{01E5E4AB-20E4-C44A-9200-D991447B7173}.Release|Any CPU.ActiveCfg = Release|Any CPU
		{01E5E4AB-20E4-C44A-9200-D991447B7173}.Release|Any CPU.Build.0 = Release|Any CPU
	EndGlobalSection
	GlobalSection(SolutionProperties) = preSolution
		HideSolutionNode = FALSE
	EndGlobalSection
																				GlobalSection(MonoDevelopProperties) = preSolution
																					GlobalSection(MonoDevelopProperties) = preSolution
																	GlobalSection(MonoDevelopProperties) = preSolution
																		GlobalSection(MonoDevelopProperties) = preSolution
		StartupItem = Assembly-CSharp.csproj
		Policies = $0
		$0.TextStylePolicy = $1
		$1.inheritsSet = null
		$1.scope = text/x-csharp
		$0.CSharpFormattingPolicy = $2
		$2.inheritsSet = Mono
		$2.inheritsScope = text/x-csharp
		$2.scope = text/x-csharp
		$0.TextStylePolicy = $3
		$3.FileWidth = 120
		$3.TabWidth = 4
		$3.EolMarker = Unix
		$3.inheritsSet = Mono
		$3.inheritsScope = text/plain
		$3.scope = text/plain
	EndGlobalSection

EndGlobal
