Microsoft Visual Studio Solution File, Format Version 11.00
# Visual Studio 2008

Project("{AA60A432-5B10-C610-7A27-22F8CC4ABEC0}") = "Test Project 2", "Assembly-CSharp-firstpass.csproj", "{CE389FFD-3C4E-C57A-EB05-A45D0F3C8D8E}"
EndProject
Project("{AA60A432-5B10-C610-7A27-22F8CC4ABEC0}") = "Test Project 2", "Assembly-CSharp.csproj", "{55C2CA73-DA89-4F9D-17C1-C7CEAEDBA59B}"
EndProject
Project("{AA60A432-5B10-C610-7A27-22F8CC4ABEC0}") = "Test Project 2", "Assembly-UnityScript-firstpass.unityproj", "{F5F510C8-C0D2-56B6-AAFA-D6C773776DDB}"
EndProject
Project("{AA60A432-5B10-C610-7A27-22F8CC4ABEC0}") = "Test Project 2", "Assembly-UnityScript.unityproj", "{9706B571-76B6-443A-CFEB-2ADCDF33ED43}"
EndProject
Global
	GlobalSection(SolutionConfigurationPlatforms) = preSolution
		Debug|Any CPU = Debug|Any CPU
		Release|Any CPU = Release|Any CPU
	EndGlobalSection
	GlobalSection(ProjectConfigurationPlatforms) = postSolution
		{CE389FFD-3C4E-C57A-EB05-A45D0F3C8D8E}.Debug|Any CPU.ActiveCfg = Debug|Any CPU
		{CE389FFD-3C4E-C57A-EB05-A45D0F3C8D8E}.Debug|Any CPU.Build.0 = Debug|Any CPU
		{CE389FFD-3C4E-C57A-EB05-A45D0F3C8D8E}.Release|Any CPU.ActiveCfg = Release|Any CPU
		{CE389FFD-3C4E-C57A-EB05-A45D0F3C8D8E}.Release|Any CPU.Build.0 = Release|Any CPU
		{55C2CA73-DA89-4F9D-17C1-C7CEAEDBA59B}.Debug|Any CPU.ActiveCfg = Debug|Any CPU
		{55C2CA73-DA89-4F9D-17C1-C7CEAEDBA59B}.Debug|Any CPU.Build.0 = Debug|Any CPU
		{55C2CA73-DA89-4F9D-17C1-C7CEAEDBA59B}.Release|Any CPU.ActiveCfg = Release|Any CPU
		{55C2CA73-DA89-4F9D-17C1-C7CEAEDBA59B}.Release|Any CPU.Build.0 = Release|Any CPU
		{F5F510C8-C0D2-56B6-AAFA-D6C773776DDB}.Debug|Any CPU.ActiveCfg = Debug|Any CPU
		{F5F510C8-C0D2-56B6-AAFA-D6C773776DDB}.Debug|Any CPU.Build.0 = Debug|Any CPU
		{F5F510C8-C0D2-56B6-AAFA-D6C773776DDB}.Release|Any CPU.ActiveCfg = Release|Any CPU
		{F5F510C8-C0D2-56B6-AAFA-D6C773776DDB}.Release|Any CPU.Build.0 = Release|Any CPU
		{9706B571-76B6-443A-CFEB-2ADCDF33ED43}.Debug|Any CPU.ActiveCfg = Debug|Any CPU
		{9706B571-76B6-443A-CFEB-2ADCDF33ED43}.Debug|Any CPU.Build.0 = Debug|Any CPU
		{9706B571-76B6-443A-CFEB-2ADCDF33ED43}.Release|Any CPU.ActiveCfg = Release|Any CPU
		{9706B571-76B6-443A-CFEB-2ADCDF33ED43}.Release|Any CPU.Build.0 = Release|Any CPU
	EndGlobalSection
	GlobalSection(SolutionProperties) = preSolution
		HideSolutionNode = FALSE
	EndGlobalSection
																										GlobalSection(MonoDevelopProperties) = preSolution
		StartupItem = Assembly-CSharp.csproj
		Policies = $0
		$0.TextStylePolicy = $1
		$1.inheritsSet = null
		$1.scope = text/x-csharp
		$0.CSharpFormattingPolicy = $2
		$2.inheritsSet = Mono
		$2.inheritsScope = text/x-csharp
		$2.scope = text/x-csharp
		$0.TextStylePolicy = $3
		$3.FileWidth = 120
		$3.TabWidth = 4
		$3.EolMarker = Unix
		$3.inheritsSet = Mono
		$3.inheritsScope = text/plain
		$3.scope = text/plain
	EndGlobalSection

EndGlobal
